
Microsoft Visual Studio Solution File, Format Version 12.00
# Visual Studio Version 16
VisualStudioVersion = 16.0.30503.244
MinimumVisualStudioVersion = 10.0.40219.1
Project("{FAE04EC0-301F-11D3-BF4B-00C04F79EFBC}") = "week08", "week08\week08.csproj", "{D5501AD0-B940-4BF7-8EC1-2CEF41998346}"
EndProject
Global
	GlobalSection(SolutionConfigurationPlatforms) = preSolution
		Debug|Any CPU = Debug|Any CPU
		Release|Any CPU = Release|Any CPU
	EndGlobalSection
	GlobalSection(ProjectConfigurationPlatforms) = postSolution
		{D5501AD0-B940-4BF7-8EC1-2CEF41998346}.Debug|Any CPU.ActiveCfg = Debug|Any CPU
		{D5501AD0-B940-4BF7-8EC1-2CEF41998346}.Debug|Any CPU.Build.0 = Debug|Any CPU
		{D5501AD0-B940-4BF7-8EC1-2CEF41998346}.Release|Any CPU.ActiveCfg = Release|Any CPU
		{D5501AD0-B940-4BF7-8EC1-2CEF41998346}.Release|Any CPU.Build.0 = Release|Any CPU
	EndGlobalSection
	GlobalSection(SolutionProperties) = preSolution
		HideSolutionNode = FALSE
	EndGlobalSection
	GlobalSection(ExtensibilityGlobals) = postSolution
		SolutionGuid = {319FF8CB-3DA8-4D4C-8EAC-1CD66FC745E7}
	EndGlobalSection
EndGlobal
