
Microsoft Visual Studio Solution File, Format Version 12.00
# Visual Studio Version 16
VisualStudioVersion = 16.0.30503.244
MinimumVisualStudioVersion = 10.0.40219.1
Project("{FAE04EC0-301F-11D3-BF4B-00C04F79EFBC}") = "UserMaintenance", "UserMaintenance\UserMaintenance.csproj", "{AAE509F5-FF0D-4C0F-89BB-93CD536C30F0}"
EndProject
Project("{FAE04EC0-301F-11D3-BF4B-00C04F79EFBC}") = "week08", "week08\week08.csproj", "{4736BC40-E5EC-4E93-B789-36CC4896EFCC}"
EndProject
Global
	GlobalSection(SolutionConfigurationPlatforms) = preSolution
		Debug|Any CPU = Debug|Any CPU
		Release|Any CPU = Release|Any CPU
	EndGlobalSection
	GlobalSection(ProjectConfigurationPlatforms) = postSolution
		{AAE509F5-FF0D-4C0F-89BB-93CD536C30F0}.Debug|Any CPU.ActiveCfg = Debug|Any CPU
		{AAE509F5-FF0D-4C0F-89BB-93CD536C30F0}.Debug|Any CPU.Build.0 = Debug|Any CPU
		{AAE509F5-FF0D-4C0F-89BB-93CD536C30F0}.Release|Any CPU.ActiveCfg = Release|Any CPU
		{AAE509F5-FF0D-4C0F-89BB-93CD536C30F0}.Release|Any CPU.Build.0 = Release|Any CPU
		{4736BC40-E5EC-4E93-B789-36CC4896EFCC}.Debug|Any CPU.ActiveCfg = Debug|Any CPU
		{4736BC40-E5EC-4E93-B789-36CC4896EFCC}.Debug|Any CPU.Build.0 = Debug|Any CPU
		{4736BC40-E5EC-4E93-B789-36CC4896EFCC}.Release|Any CPU.ActiveCfg = Release|Any CPU
		{4736BC40-E5EC-4E93-B789-36CC4896EFCC}.Release|Any CPU.Build.0 = Release|Any CPU
	EndGlobalSection
	GlobalSection(SolutionProperties) = preSolution
		HideSolutionNode = FALSE
	EndGlobalSection
	GlobalSection(ExtensibilityGlobals) = postSolution
		SolutionGuid = {B6C99A2C-D048-4986-A415-49EB8094E367}
	EndGlobalSection
EndGlobal
